
Microsoft Visual Studio Solution File, Format Version 12.00
# Visual Studio 15
VisualStudioVersion = 15.0.28307.960
MinimumVisualStudioVersion = 10.0.40219.1
Project("{FAE04EC0-301F-11D3-BF4B-00C04F79EFBC}") = "TrackTaskItems", "TrackTaskItems\TrackTaskItems.csproj", "{75AAE10D-D855-4C79-9292-03FC3DA5A0E4}"
EndProject
Global
	GlobalSection(SolutionConfigurationPlatforms) = preSolution
		Debug|Any CPU = Debug|Any CPU
		Release|Any CPU = Release|Any CPU
	EndGlobalSection
	GlobalSection(ProjectConfigurationPlatforms) = postSolution
		{75AAE10D-D855-4C79-9292-03FC3DA5A0E4}.Debug|Any CPU.ActiveCfg = Debug|Any CPU
		{75AAE10D-D855-4C79-9292-03FC3DA5A0E4}.Debug|Any CPU.Build.0 = Debug|Any CPU
		{75AAE10D-D855-4C79-9292-03FC3DA5A0E4}.Release|Any CPU.ActiveCfg = Release|Any CPU
		{75AAE10D-D855-4C79-9292-03FC3DA5A0E4}.Release|Any CPU.Build.0 = Release|Any CPU
	EndGlobalSection
	GlobalSection(SolutionProperties) = preSolution
		HideSolutionNode = FALSE
	EndGlobalSection
	GlobalSection(ExtensibilityGlobals) = postSolution
		SolutionGuid = {2E7EE636-5C4B-48C2-ABBA-68EEA4D00D42}
	EndGlobalSection
EndGlobal
